
Microsoft Visual Studio Solution File, Format Version 12.00
# Visual Studio Version 17
VisualStudioVersion = 17.3.32804.467
MinimumVisualStudioVersion = 10.0.40219.1
Project("{9A19103F-16F7-4668-BE54-9A1E7A4F7556}") = "SwinAdventure", "SwinAdventure\SwinAdventure.csproj", "{305C5CAA-1A2A-4AB2-A7C1-68D50F91533B}"
EndProject
Project("{FAE04EC0-301F-11D3-BF4B-00C04F79EFBC}") = "Test", "SwinAdventureTests\Test.csproj", "{21762994-3D0D-4461-9BCC-547004B9547D}"
EndProject
Global
	GlobalSection(SolutionConfigurationPlatforms) = preSolution
		Debug|Any CPU = Debug|Any CPU
		Release|Any CPU = Release|Any CPU
	EndGlobalSection
	GlobalSection(ProjectConfigurationPlatforms) = postSolution
		{305C5CAA-1A2A-4AB2-A7C1-68D50F91533B}.Debug|Any CPU.ActiveCfg = Debug|Any CPU
		{305C5CAA-1A2A-4AB2-A7C1-68D50F91533B}.Debug|Any CPU.Build.0 = Debug|Any CPU
		{305C5CAA-1A2A-4AB2-A7C1-68D50F91533B}.Release|Any CPU.ActiveCfg = Release|Any CPU
		{305C5CAA-1A2A-4AB2-A7C1-68D50F91533B}.Release|Any CPU.Build.0 = Release|Any CPU
		{21762994-3D0D-4461-9BCC-547004B9547D}.Debug|Any CPU.ActiveCfg = Debug|Any CPU
		{21762994-3D0D-4461-9BCC-547004B9547D}.Debug|Any CPU.Build.0 = Debug|Any CPU
		{21762994-3D0D-4461-9BCC-547004B9547D}.Release|Any CPU.ActiveCfg = Release|Any CPU
		{21762994-3D0D-4461-9BCC-547004B9547D}.Release|Any CPU.Build.0 = Release|Any CPU
	EndGlobalSection
	GlobalSection(SolutionProperties) = preSolution
		HideSolutionNode = FALSE
	EndGlobalSection
	GlobalSection(ExtensibilityGlobals) = postSolution
		SolutionGuid = {73939AD0-BCB0-4F0F-AB07-19CCA8231C57}
	EndGlobalSection
EndGlobal
