
Microsoft Visual Studio Solution File, Format Version 12.00
# Visual Studio Version 16
VisualStudioVersion = 25.0.1705.3
MinimumVisualStudioVersion = 10.0.40219.1
Project("{FAE04EC0-301F-11D3-BF4B-00C04F79EFBC}") = "HelloWorld", "HelloWorld\HelloWorld.csproj", "{2CA32C21-7F11-41CA-893E-F71557CCCEC4}"
EndProject
Global
	GlobalSection(SolutionConfigurationPlatforms) = preSolution
		Debug|Any CPU = Debug|Any CPU
		Release|Any CPU = Release|Any CPU
	EndGlobalSection
	GlobalSection(ProjectConfigurationPlatforms) = postSolution
		{2CA32C21-7F11-41CA-893E-F71557CCCEC4}.Debug|Any CPU.ActiveCfg = Debug|Any CPU
		{2CA32C21-7F11-41CA-893E-F71557CCCEC4}.Debug|Any CPU.Build.0 = Debug|Any CPU
		{2CA32C21-7F11-41CA-893E-F71557CCCEC4}.Release|Any CPU.ActiveCfg = Release|Any CPU
		{2CA32C21-7F11-41CA-893E-F71557CCCEC4}.Release|Any CPU.Build.0 = Release|Any CPU
	EndGlobalSection
	GlobalSection(SolutionProperties) = preSolution
		HideSolutionNode = FALSE
	EndGlobalSection
	GlobalSection(ExtensibilityGlobals) = postSolution
		SolutionGuid = {0C6CBC2B-0CF1-4D4F-AEF3-E5BADC392EB8}
	EndGlobalSection
EndGlobal
